// !$*UTF8*$!
{
	archiveVersion = 1;
	classes = {
	};
	objectVersion = 50;
	objects = {

/* Begin PBXBuildFile section */
		1A0C9D2F20B1471300A94B73 /* AppDelegate.m in Sources */ = {isa = PBXBuildFile; fileRef = 1A0C9D2E20B1471300A94B73 /* AppDelegate.m */; };
		1A0C9D3220B1471300A94B73 /* ViewController.m in Sources */ = {isa = PBXBuildFile; fileRef = 1A0C9D3120B1471300A94B73 /* ViewController.m */; };
		1A0C9D3520B1471300A94B73 /* Main.storyboard in Resources */ = {isa = PBXBuildFile; fileRef = 1A0C9D3320B1471300A94B73 /* Main.storyboard */; };
		1A0C9D3720B1471600A94B73 /* Assets.xcassets in Resources */ = {isa = PBXBuildFile; fileRef = 1A0C9D3620B1471600A94B73 /* Assets.xcassets */; };
		1A0C9D3A20B1471600A94B73 /* LaunchScreen.storyboard in Resources */ = {isa = PBXBuildFile; fileRef = 1A0C9D3820B1471600A94B73 /* LaunchScreen.storyboard */; };
		1A0C9D3D20B1471600A94B73 /* main.m in Sources */ = {isa = PBXBuildFile; fileRef = 1A0C9D3C20B1471600A94B73 /* main.m */; };
		1A0C9D4420B14AC500A94B73 /* 1.png in Resources */ = {isa = PBXBuildFile; fileRef = 1A0C9D4320B14AC500A94B73 /* 1.png */; };
		1A49D1C720B6E4F4006DF5B9 /* TGStreamMac.framework in Frameworks */ = {isa = PBXBuildFile; fileRef = 1A0C9D4820B14CB800A94B73 /* TGStreamMac.framework */; };
		1A49D1CA20B6EB3C006DF5B9 /* PrinterLibs.framework in Frameworks */ = {isa = PBXBuildFile; fileRef = 1A49D1C520B6E43E006DF5B9 /* PrinterLibs.framework */; };
/* End PBXBuildFile section */

/* Begin PBXFileReference section */
		1A0C9D2A20B1471300A94B73 /* BuddhaDemo.app */ = {isa = PBXFileReference; explicitFileType = wrapper.application; includeInIndex = 0; path = BuddhaDemo.app; sourceTree = BUILT_PRODUCTS_DIR; };
		1A0C9D2D20B1471300A94B73 /* AppDelegate.h */ = {isa = PBXFileReference; lastKnownFileType = sourcecode.c.h; path = AppDelegate.h; sourceTree = "<group>"; };
		1A0C9D2E20B1471300A94B73 /* AppDelegate.m */ = {isa = PBXFileReference; lastKnownFileType = sourcecode.c.objc; path = AppDelegate.m; sourceTree = "<group>"; };
		1A0C9D3020B1471300A94B73 /* ViewController.h */ = {isa = PBXFileReference; lastKnownFileType = sourcecode.c.h; path = ViewController.h; sourceTree = "<group>"; };
		1A0C9D3120B1471300A94B73 /* ViewController.m */ = {isa = PBXFileReference; lastKnownFileType = sourcecode.c.objc; path = ViewController.m; sourceTree = "<group>"; };
		1A0C9D3420B1471300A94B73 /* Base */ = {isa = PBXFileReference; lastKnownFileType = file.storyboard; name = Base; path = Base.lproj/Main.storyboard; sourceTree = "<group>"; };
		1A0C9D3620B1471600A94B73 /* Assets.xcassets */ = {isa = PBXFileReference; lastKnownFileType = folder.assetcatalog; path = Assets.xcassets; sourceTree = "<group>"; };
		1A0C9D3920B1471600A94B73 /* Base */ = {isa = PBXFileReference; lastKnownFileType = file.storyboard; name = Base; path = Base.lproj/LaunchScreen.storyboard; sourceTree = "<group>"; };
		1A0C9D3B20B1471600A94B73 /* Info.plist */ = {isa = PBXFileReference; lastKnownFileType = text.plist.xml; path = Info.plist; sourceTree = "<group>"; };
		1A0C9D3C20B1471600A94B73 /* main.m */ = {isa = PBXFileReference; lastKnownFileType = sourcecode.c.objc; path = main.m; sourceTree = "<group>"; };
		1A0C9D4320B14AC500A94B73 /* 1.png */ = {isa = PBXFileReference; lastKnownFileType = image.png; path = 1.png; sourceTree = "<group>"; };
		1A0C9D4820B14CB800A94B73 /* TGStreamMac.framework */ = {isa = PBXFileReference; lastKnownFileType = wrapper.framework; path = TGStreamMac.framework; sourceTree = "<group>"; };
		1A49D1C520B6E43E006DF5B9 /* PrinterLibs.framework */ = {isa = PBXFileReference; lastKnownFileType = wrapper.framework; path = PrinterLibs.framework; sourceTree = "<group>"; };
/* End PBXFileReference section */

/* Begin PBXFrameworksBuildPhase section */
		1A0C9D2720B1471300A94B73 /* Frameworks */ = {
			isa = PBXFrameworksBuildPhase;
			buildActionMask = 2147483647;
			files = (
				1A49D1C720B6E4F4006DF5B9 /* TGStreamMac.framework in Frameworks */,
				1A49D1CA20B6EB3C006DF5B9 /* PrinterLibs.framework in Frameworks */,
			);
			runOnlyForDeploymentPostprocessing = 0;
		};
/* End PBXFrameworksBuildPhase section */

/* Begin PBXGroup section */
		1A0C9D2120B1471300A94B73 = {
			isa = PBXGroup;
			children = (
				1A49D1C520B6E43E006DF5B9 /* PrinterLibs.framework */,
				1A0C9D4820B14CB800A94B73 /* TGStreamMac.framework */,
				1A0C9D2C20B1471300A94B73 /* BuddhaDemo */,
				1A0C9D2B20B1471300A94B73 /* Products */,
			);
			sourceTree = "<group>";
		};
		1A0C9D2B20B1471300A94B73 /* Products */ = {
			isa = PBXGroup;
			children = (
				1A0C9D2A20B1471300A94B73 /* BuddhaDemo.app */,
			);
			name = Products;
			sourceTree = "<group>";
		};
		1A0C9D2C20B1471300A94B73 /* BuddhaDemo */ = {
			isa = PBXGroup;
			children = (
				1A0C9D3B20B1471600A94B73 /* Info.plist */,
				1A0C9D3C20B1471600A94B73 /* main.m */,
				1A0C9D4B20B14DD800A94B73 /* Supporting Files */,
				1A0C9D2D20B1471300A94B73 /* AppDelegate.h */,
				1A0C9D2E20B1471300A94B73 /* AppDelegate.m */,
				1A0C9D3020B1471300A94B73 /* ViewController.h */,
				1A0C9D3120B1471300A94B73 /* ViewController.m */,
				1A0C9D3320B1471300A94B73 /* Main.storyboard */,
				1A0C9D3620B1471600A94B73 /* Assets.xcassets */,
				1A0C9D3820B1471600A94B73 /* LaunchScreen.storyboard */,
			);
			path = BuddhaDemo;
			sourceTree = "<group>";
		};
		1A0C9D4B20B14DD800A94B73 /* Supporting Files */ = {
			isa = PBXGroup;
			children = (
				1A0C9D4320B14AC500A94B73 /* 1.png */,
			);
			path = "Supporting Files";
			sourceTree = "<group>";
		};
/* End PBXGroup section */

/* Begin PBXNativeTarget section */
		1A0C9D2920B1471300A94B73 /* BuddhaDemo */ = {
			isa = PBXNativeTarget;
			buildConfigurationList = 1A0C9D4020B1471600A94B73 /* Build configuration list for PBXNativeTarget "BuddhaDemo" */;
			buildPhases = (
				1A0C9D2620B1471300A94B73 /* Sources */,
				1A0C9D2720B1471300A94B73 /* Frameworks */,
				1A0C9D2820B1471300A94B73 /* Resources */,
			);
			buildRules = (
			);
			dependencies = (
			);
			name = BuddhaDemo;
			productName = BuddhaDemo;
			productReference = 1A0C9D2A20B1471300A94B73 /* BuddhaDemo.app */;
			productType = "com.apple.product-type.application";
		};
/* End PBXNativeTarget section */

/* Begin PBXProject section */
		1A0C9D2220B1471300A94B73 /* Project object */ = {
			isa = PBXProject;
			attributes = {
				LastUpgradeCheck = 0930;
				ORGANIZATIONNAME = "刘家琪";
				TargetAttributes = {
					1A0C9D2920B1471300A94B73 = {
						CreatedOnToolsVersion = 9.3.1;
					};
				};
			};
			buildConfigurationList = 1A0C9D2520B1471300A94B73 /* Build configuration list for PBXProject "BuddhaDemo" */;
			compatibilityVersion = "Xcode 9.3";
			developmentRegion = en;
			hasScannedForEncodings = 0;
			knownRegions = (
				en,
				Base,
			);
			mainGroup = 1A0C9D2120B1471300A94B73;
			productRefGroup = 1A0C9D2B20B1471300A94B73 /* Products */;
			projectDirPath = "";
			projectRoot = "";
			targets = (
				1A0C9D2920B1471300A94B73 /* BuddhaDemo */,
			);
		};
/* End PBXProject section */

/* Begin PBXResourcesBuildPhase section */
		1A0C9D2820B1471300A94B73 /* Resources */ = {
			isa = PBXResourcesBuildPhase;
			buildActionMask = 2147483647;
			files = (
				1A0C9D3A20B1471600A94B73 /* LaunchScreen.storyboard in Resources */,
				1A0C9D4420B14AC500A94B73 /* 1.png in Resources */,
				1A0C9D3720B1471600A94B73 /* Assets.xcassets in Resources */,
				1A0C9D3520B1471300A94B73 /* Main.storyboard in Resources */,
			);
			runOnlyForDeploymentPostprocessing = 0;
		};
/* End PBXResourcesBuildPhase section */

/* Begin PBXSourcesBuildPhase section */
		1A0C9D2620B1471300A94B73 /* Sources */ = {
			isa = PBXSourcesBuildPhase;
			buildActionMask = 2147483647;
			files = (
				1A0C9D3220B1471300A94B73 /* ViewController.m in Sources */,
				1A0C9D3D20B1471600A94B73 /* main.m in Sources */,
				1A0C9D2F20B1471300A94B73 /* AppDelegate.m in Sources */,
			);
			runOnlyForDeploymentPostprocessing = 0;
		};
/* End PBXSourcesBuildPhase section */

/* Begin PBXVariantGroup section */
		1A0C9D3320B1471300A94B73 /* Main.storyboard */ = {
			isa = PBXVariantGroup;
			children = (
				1A0C9D3420B1471300A94B73 /* Base */,
			);
			name = Main.storyboard;
			sourceTree = "<group>";
		};
		1A0C9D3820B1471600A94B73 /* LaunchScreen.storyboard */ = {
			isa = PBXVariantGroup;
			children = (
				1A0C9D3920B1471600A94B73 /* Base */,
			);
			name = LaunchScreen.storyboard;
			sourceTree = "<group>";
		};
/* End PBXVariantGroup section */

/* Begin XCBuildConfiguration section */
		1A0C9D3E20B1471600A94B73 /* Debug */ = {
			isa = XCBuildConfiguration;
			buildSettings = {
				ALWAYS_SEARCH_USER_PATHS = NO;
				CLANG_ANALYZER_NONNULL = YES;
				CLANG_ANALYZER_NUMBER_OBJECT_CONVERSION = YES_AGGRESSIVE;
				CLANG_CXX_LANGUAGE_STANDARD = "gnu++14";
				CLANG_CXX_LIBRARY = "libc++";
				CLANG_ENABLE_MODULES = YES;
				CLANG_ENABLE_OBJC_ARC = YES;
				CLANG_ENABLE_OBJC_WEAK = YES;
				CLANG_WARN_BLOCK_CAPTURE_AUTORELEASING = YES;
				CLANG_WARN_BOOL_CONVERSION = YES;
				CLANG_WARN_COMMA = YES;
				CLANG_WARN_CONSTANT_CONVERSION = YES;
				CLANG_WARN_DEPRECATED_OBJC_IMPLEMENTATIONS = YES;
				CLANG_WARN_DIRECT_OBJC_ISA_USAGE = YES_ERROR;
				CLANG_WARN_DOCUMENTATION_COMMENTS = YES;
				CLANG_WARN_EMPTY_BODY = YES;
				CLANG_WARN_ENUM_CONVERSION = YES;
				CLANG_WARN_INFINITE_RECURSION = YES;
				CLANG_WARN_INT_CONVERSION = YES;
				CLANG_WARN_NON_LITERAL_NULL_CONVERSION = YES;
				CLANG_WARN_OBJC_IMPLICIT_RETAIN_SELF = YES;
				CLANG_WARN_OBJC_LITERAL_CONVERSION = YES;
				CLANG_WARN_OBJC_ROOT_CLASS = YES_ERROR;
				CLANG_WARN_RANGE_LOOP_ANALYSIS = YES;
				CLANG_WARN_STRICT_PROTOTYPES = YES;
				CLANG_WARN_SUSPICIOUS_MOVE = YES;
				CLANG_WARN_UNGUARDED_AVAILABILITY = YES_AGGRESSIVE;
				CLANG_WARN_UNREACHABLE_CODE = YES;
				CLANG_WARN__DUPLICATE_METHOD_MATCH = YES;
				CODE_SIGN_IDENTITY = "iPhone Developer";
				COPY_PHASE_STRIP = NO;
				DEBUG_INFORMATION_FORMAT = dwarf;
				ENABLE_STRICT_OBJC_MSGSEND = YES;
				ENABLE_TESTABILITY = YES;
				GCC_C_LANGUAGE_STANDARD = gnu11;
				GCC_DYNAMIC_NO_PIC = NO;
				GCC_NO_COMMON_BLOCKS = YES;
				GCC_OPTIMIZATION_LEVEL = 0;
				GCC_PREPROCESSOR_DEFINITIONS = (
					"DEBUG=1",
					"$(inherited)",
				);
				GCC_WARN_64_TO_32_BIT_CONVERSION = YES;
				GCC_WARN_ABOUT_RETURN_TYPE = YES_ERROR;
				GCC_WARN_UNDECLARED_SELECTOR = YES;
				GCC_WARN_UNINITIALIZED_AUTOS = YES_AGGRESSIVE;
				GCC_WARN_UNUSED_FUNCTION = YES;
				GCC_WARN_UNUSED_VARIABLE = YES;
				IPHONEOS_DEPLOYMENT_TARGET = 11.3;
				MTL_ENABLE_DEBUG_INFO = YES;
				ONLY_ACTIVE_ARCH = YES;
				SDKROOT = iphoneos;
			};
			name = Debug;
		};
		1A0C9D3F20B1471600A94B73 /* Release */ = {
			isa = XCBuildConfiguration;
			buildSettings = {
				ALWAYS_SEARCH_USER_PATHS = NO;
				CLANG_ANALYZER_NONNULL = YES;
				CLANG_ANALYZER_NUMBER_OBJECT_CONVERSION = YES_AGGRESSIVE;
				CLANG_CXX_LANGUAGE_STANDARD = "gnu++14";
				CLANG_CXX_LIBRARY = "libc++";
				CLANG_ENABLE_MODULES = YES;
				CLANG_ENABLE_OBJC_ARC = YES;
				CLANG_ENABLE_OBJC_WEAK = YES;
				CLANG_WARN_BLOCK_CAPTURE_AUTORELEASING = YES;
				CLANG_WARN_BOOL_CONVERSION = YES;
				CLANG_WARN_COMMA = YES;
				CLANG_WARN_CONSTANT_CONVERSION = YES;
				CLANG_WARN_DEPRECATED_OBJC_IMPLEMENTATIONS = YES;
				CLANG_WARN_DIRECT_OBJC_ISA_USAGE = YES_ERROR;
				CLANG_WARN_DOCUMENTATION_COMMENTS = YES;
				CLANG_WARN_EMPTY_BODY = YES;
				CLANG_WARN_ENUM_CONVERSION = YES;
				CLANG_WARN_INFINITE_RECURSION = YES;
				CLANG_WARN_INT_CONVERSION = YES;
				CLANG_WARN_NON_LITERAL_NULL_CONVERSION = YES;
				CLANG_WARN_OBJC_IMPLICIT_RETAIN_SELF = YES;
				CLANG_WARN_OBJC_LITERAL_CONVERSION = YES;
				CLANG_WARN_OBJC_ROOT_CLASS = YES_ERROR;
				CLANG_WARN_RANGE_LOOP_ANALYSIS = YES;
				CLANG_WARN_STRICT_PROTOTYPES = YES;
				CLANG_WARN_SUSPICIOUS_MOVE = YES;
				CLANG_WARN_UNGUARDED_AVAILABILITY = YES_AGGRESSIVE;
				CLANG_WARN_UNREACHABLE_CODE = YES;
				CLANG_WARN__DUPLICATE_METHOD_MATCH = YES;
				CODE_SIGN_IDENTITY = "iPhone Developer";
				COPY_PHASE_STRIP = NO;
				DEBUG_INFORMATION_FORMAT = "dwarf-with-dsym";
				ENABLE_NS_ASSERTIONS = NO;
				ENABLE_STRICT_OBJC_MSGSEND = YES;
				GCC_C_LANGUAGE_STANDARD = gnu11;
				GCC_NO_COMMON_BLOCKS = YES;
				GCC_WARN_64_TO_32_BIT_CONVERSION = YES;
				GCC_WARN_ABOUT_RETURN_TYPE = YES_ERROR;
				GCC_WARN_UNDECLARED_SELECTOR = YES;
				GCC_WARN_UNINITIALIZED_AUTOS = YES_AGGRESSIVE;
				GCC_WARN_UNUSED_FUNCTION = YES;
				GCC_WARN_UNUSED_VARIABLE = YES;
				IPHONEOS_DEPLOYMENT_TARGET = 11.3;
				MTL_ENABLE_DEBUG_INFO = NO;
				SDKROOT = iphoneos;
				VALIDATE_PRODUCT = YES;
			};
			name = Release;
		};
		1A0C9D4120B1471600A94B73 /* Debug */ = {
			isa = XCBuildConfiguration;
			buildSettings = {
				ASSETCATALOG_COMPILER_APPICON_NAME = AppIcon;
				CODE_SIGN_IDENTITY = "iPhone Developer";
				CODE_SIGN_STYLE = Automatic;
				DEVELOPMENT_TEAM = UV33YUF75J;
				FRAMEWORK_SEARCH_PATHS = (
					"$(inherited)",
					"$(PROJECT_DIR)",
				);
				INFOPLIST_FILE = BuddhaDemo/Info.plist;
				LD_RUNPATH_SEARCH_PATHS = (
					"$(inherited)",
					"@executable_path/Frameworks",
				);
				PRODUCT_BUNDLE_IDENTIFIER = com.LiuJiaqi.BuddhaDemo;
				PRODUCT_NAME = "$(TARGET_NAME)";
				PROVISIONING_PROFILE_SPECIFIER = "";
				TARGETED_DEVICE_FAMILY = "1,2";
			};
			name = Debug;
		};
		1A0C9D4220B1471600A94B73 /* Release */ = {
			isa = XCBuildConfiguration;
			buildSettings = {
				ASSETCATALOG_COMPILER_APPICON_NAME = AppIcon;
				CODE_SIGN_IDENTITY = "iPhone Developer";
				CODE_SIGN_STYLE = Automatic;
				DEVELOPMENT_TEAM = UV33YUF75J;
				FRAMEWORK_SEARCH_PATHS = (
					"$(inherited)",
					"$(PROJECT_DIR)",
				);
				INFOPLIST_FILE = BuddhaDemo/Info.plist;
				LD_RUNPATH_SEARCH_PATHS = (
					"$(inherited)",
					"@executable_path/Frameworks",
				);
				PRODUCT_BUNDLE_IDENTIFIER = com.LiuJiaqi.BuddhaDemo;
				PRODUCT_NAME = "$(TARGET_NAME)";
				PROVISIONING_PROFILE_SPECIFIER = "";
				TARGETED_DEVICE_FAMILY = "1,2";
			};
			name = Release;
		};
/* End XCBuildConfiguration section */

/* Begin XCConfigurationList section */
		1A0C9D2520B1471300A94B73 /* Build configuration list for PBXProject "BuddhaDemo" */ = {
			isa = XCConfigurationList;
			buildConfigurations = (
				1A0C9D3E20B1471600A94B73 /* Debug */,
				1A0C9D3F20B1471600A94B73 /* Release */,
			);
			defaultConfigurationIsVisible = 0;
			defaultConfigurationName = Release;
		};
		1A0C9D4020B1471600A94B73 /* Build configuration list for PBXNativeTarget "BuddhaDemo" */ = {
			isa = XCConfigurationList;
			buildConfigurations = (
				1A0C9D4120B1471600A94B73 /* Debug */,
				1A0C9D4220B1471600A94B73 /* Release */,
			);
			defaultConfigurationIsVisible = 0;
			defaultConfigurationName = Release;
		};
/* End XCConfigurationList section */
	};
	rootObject = 1A0C9D2220B1471300A94B73 /* Project object */;
}
